
Microsoft Visual Studio Solution File, Format Version 12.00
# Visual Studio 15
VisualStudioVersion = 15.0.28307.902
MinimumVisualStudioVersion = 10.0.40219.1
Project("{FAE04EC0-301F-11D3-BF4B-00C04F79EFBC}") = "tjakov00_PIS", "tjakov00_PIS\tjakov00_PIS.csproj", "{A80830A8-3CC1-496A-AD33-1C92BD508A1F}"
EndProject
Global
	GlobalSection(SolutionConfigurationPlatforms) = preSolution
		Debug|Any CPU = Debug|Any CPU
		Release|Any CPU = Release|Any CPU
	EndGlobalSection
	GlobalSection(ProjectConfigurationPlatforms) = postSolution
		{A80830A8-3CC1-496A-AD33-1C92BD508A1F}.Debug|Any CPU.ActiveCfg = Debug|Any CPU
		{A80830A8-3CC1-496A-AD33-1C92BD508A1F}.Debug|Any CPU.Build.0 = Debug|Any CPU
		{A80830A8-3CC1-496A-AD33-1C92BD508A1F}.Release|Any CPU.ActiveCfg = Release|Any CPU
		{A80830A8-3CC1-496A-AD33-1C92BD508A1F}.Release|Any CPU.Build.0 = Release|Any CPU
	EndGlobalSection
	GlobalSection(SolutionProperties) = preSolution
		HideSolutionNode = FALSE
	EndGlobalSection
	GlobalSection(ExtensibilityGlobals) = postSolution
		SolutionGuid = {702D5149-AD2E-49E4-92F7-8D192DE2E25C}
	EndGlobalSection
EndGlobal
